
Microsoft Visual Studio Solution File, Format Version 12.00
# Visual Studio Version 16
VisualStudioVersion = 16.0.30204.135
MinimumVisualStudioVersion = 10.0.40219.1
Project("{FAE04EC0-301F-11D3-BF4B-00C04F79EFBC}") = "KMISOIBI_lab4", "KMISOIBI_lab4\KMISOIBI_lab4.csproj", "{4E5937EE-D26B-4EA4-9847-BF4787C89F82}"
EndProject
Global
	GlobalSection(SolutionConfigurationPlatforms) = preSolution
		Debug|Any CPU = Debug|Any CPU
		Release|Any CPU = Release|Any CPU
	EndGlobalSection
	GlobalSection(ProjectConfigurationPlatforms) = postSolution
		{4E5937EE-D26B-4EA4-9847-BF4787C89F82}.Debug|Any CPU.ActiveCfg = Debug|Any CPU
		{4E5937EE-D26B-4EA4-9847-BF4787C89F82}.Debug|Any CPU.Build.0 = Debug|Any CPU
		{4E5937EE-D26B-4EA4-9847-BF4787C89F82}.Release|Any CPU.ActiveCfg = Release|Any CPU
		{4E5937EE-D26B-4EA4-9847-BF4787C89F82}.Release|Any CPU.Build.0 = Release|Any CPU
	EndGlobalSection
	GlobalSection(SolutionProperties) = preSolution
		HideSolutionNode = FALSE
	EndGlobalSection
	GlobalSection(ExtensibilityGlobals) = postSolution
		SolutionGuid = {42AD227F-E2EB-4607-95F8-564A5A5879AE}
	EndGlobalSection
EndGlobal
